
Microsoft Visual Studio Solution File, Format Version 12.00
# Visual Studio Version 16
VisualStudioVersion = 16.0.30114.105
MinimumVisualStudioVersion = 10.0.40219.1
Project("{FAE04EC0-301F-11D3-BF4B-00C04F79EFBC}") = "criptografador.api", "criptografador.api\criptografador.api.csproj", "{56AC3931-C5F4-45A8-96A1-333D2D042C4F}"
EndProject
Project("{FAE04EC0-301F-11D3-BF4B-00C04F79EFBC}") = "criptografador.data", "criptografador.data\criptografador.data.csproj", "{C86FD1AC-20B9-4037-8801-0A53912194DD}"
EndProject
Global
	GlobalSection(SolutionConfigurationPlatforms) = preSolution
		Debug|Any CPU = Debug|Any CPU
		Release|Any CPU = Release|Any CPU
	EndGlobalSection
	GlobalSection(SolutionProperties) = preSolution
		HideSolutionNode = FALSE
	EndGlobalSection
	GlobalSection(ProjectConfigurationPlatforms) = postSolution
		{56AC3931-C5F4-45A8-96A1-333D2D042C4F}.Debug|Any CPU.ActiveCfg = Debug|Any CPU
		{56AC3931-C5F4-45A8-96A1-333D2D042C4F}.Debug|Any CPU.Build.0 = Debug|Any CPU
		{56AC3931-C5F4-45A8-96A1-333D2D042C4F}.Release|Any CPU.ActiveCfg = Release|Any CPU
		{56AC3931-C5F4-45A8-96A1-333D2D042C4F}.Release|Any CPU.Build.0 = Release|Any CPU
		{C86FD1AC-20B9-4037-8801-0A53912194DD}.Debug|Any CPU.ActiveCfg = Debug|Any CPU
		{C86FD1AC-20B9-4037-8801-0A53912194DD}.Debug|Any CPU.Build.0 = Debug|Any CPU
		{C86FD1AC-20B9-4037-8801-0A53912194DD}.Release|Any CPU.ActiveCfg = Release|Any CPU
		{C86FD1AC-20B9-4037-8801-0A53912194DD}.Release|Any CPU.Build.0 = Release|Any CPU
	EndGlobalSection
EndGlobal
